
Microsoft Visual Studio Solution File, Format Version 12.00
# Visual Studio Version 16
VisualStudioVersion = 16.0.31105.61
MinimumVisualStudioVersion = 10.0.40219.1
Project("{FAE04EC0-301F-11D3-BF4B-00C04F79EFBC}") = "kontrolnayarabota2", "kontrolnayarabota2\kontrolnayarabota2.csproj", "{22B72AD5-FD61-45A6-8C30-4DDFF4AC3FD0}"
EndProject
Project("{FAE04EC0-301F-11D3-BF4B-00C04F79EFBC}") = "Konrolnayarabotanomer3", "Konrolnayarabotanomer3\Konrolnayarabotanomer3.csproj", "{D8AA3E3A-7793-4C8F-96BD-E4219907EFC5}"
EndProject
Global
	GlobalSection(SolutionConfigurationPlatforms) = preSolution
		Debug|Any CPU = Debug|Any CPU
		Release|Any CPU = Release|Any CPU
	EndGlobalSection
	GlobalSection(ProjectConfigurationPlatforms) = postSolution
		{22B72AD5-FD61-45A6-8C30-4DDFF4AC3FD0}.Debug|Any CPU.ActiveCfg = Debug|Any CPU
		{22B72AD5-FD61-45A6-8C30-4DDFF4AC3FD0}.Debug|Any CPU.Build.0 = Debug|Any CPU
		{22B72AD5-FD61-45A6-8C30-4DDFF4AC3FD0}.Release|Any CPU.ActiveCfg = Release|Any CPU
		{22B72AD5-FD61-45A6-8C30-4DDFF4AC3FD0}.Release|Any CPU.Build.0 = Release|Any CPU
		{D8AA3E3A-7793-4C8F-96BD-E4219907EFC5}.Debug|Any CPU.ActiveCfg = Debug|Any CPU
		{D8AA3E3A-7793-4C8F-96BD-E4219907EFC5}.Debug|Any CPU.Build.0 = Debug|Any CPU
		{D8AA3E3A-7793-4C8F-96BD-E4219907EFC5}.Release|Any CPU.ActiveCfg = Release|Any CPU
		{D8AA3E3A-7793-4C8F-96BD-E4219907EFC5}.Release|Any CPU.Build.0 = Release|Any CPU
	EndGlobalSection
	GlobalSection(SolutionProperties) = preSolution
		HideSolutionNode = FALSE
	EndGlobalSection
	GlobalSection(ExtensibilityGlobals) = postSolution
		SolutionGuid = {34AA0BE3-63DD-49D3-908D-0850795F231B}
	EndGlobalSection
EndGlobal
